
Microsoft Visual Studio Solution File, Format Version 12.00
# Visual Studio Version 16
VisualStudioVersion = 16.0.30804.86
MinimumVisualStudioVersion = 10.0.40219.1
Project("{8BC9CEB8-8B4A-11D0-8D11-00A0C91BC942}") = "lab_1", "lab_1.vcxproj", "{D79B617B-84CD-4B2B-AD02-A7F0D9F3BB0F}"
EndProject
Project("{8BC9CEB8-8B4A-11D0-8D11-00A0C91BC942}") = "lab_1_tests", "..\lab_1_tests\lab_1_tests.vcxproj", "{0B86E1D9-2EEF-41E3-9E74-AA535B320DB2}"
EndProject
Global
	GlobalSection(SolutionConfigurationPlatforms) = preSolution
		Debug|x64 = Debug|x64
		Debug|x86 = Debug|x86
		Release|x64 = Release|x64
		Release|x86 = Release|x86
	EndGlobalSection
	GlobalSection(ProjectConfigurationPlatforms) = postSolution
		{D79B617B-84CD-4B2B-AD02-A7F0D9F3BB0F}.Debug|x64.ActiveCfg = Debug|x64
		{D79B617B-84CD-4B2B-AD02-A7F0D9F3BB0F}.Debug|x64.Build.0 = Debug|x64
		{D79B617B-84CD-4B2B-AD02-A7F0D9F3BB0F}.Debug|x86.ActiveCfg = Debug|Win32
		{D79B617B-84CD-4B2B-AD02-A7F0D9F3BB0F}.Debug|x86.Build.0 = Debug|Win32
		{D79B617B-84CD-4B2B-AD02-A7F0D9F3BB0F}.Release|x64.ActiveCfg = Release|x64
		{D79B617B-84CD-4B2B-AD02-A7F0D9F3BB0F}.Release|x64.Build.0 = Release|x64
		{D79B617B-84CD-4B2B-AD02-A7F0D9F3BB0F}.Release|x86.ActiveCfg = Release|Win32
		{D79B617B-84CD-4B2B-AD02-A7F0D9F3BB0F}.Release|x86.Build.0 = Release|Win32
		{0B86E1D9-2EEF-41E3-9E74-AA535B320DB2}.Debug|x64.ActiveCfg = Debug|x64
		{0B86E1D9-2EEF-41E3-9E74-AA535B320DB2}.Debug|x64.Build.0 = Debug|x64
		{0B86E1D9-2EEF-41E3-9E74-AA535B320DB2}.Debug|x86.ActiveCfg = Debug|Win32
		{0B86E1D9-2EEF-41E3-9E74-AA535B320DB2}.Debug|x86.Build.0 = Debug|Win32
		{0B86E1D9-2EEF-41E3-9E74-AA535B320DB2}.Release|x64.ActiveCfg = Release|x64
		{0B86E1D9-2EEF-41E3-9E74-AA535B320DB2}.Release|x64.Build.0 = Release|x64
		{0B86E1D9-2EEF-41E3-9E74-AA535B320DB2}.Release|x86.ActiveCfg = Release|Win32
		{0B86E1D9-2EEF-41E3-9E74-AA535B320DB2}.Release|x86.Build.0 = Release|Win32
	EndGlobalSection
	GlobalSection(SolutionProperties) = preSolution
		HideSolutionNode = FALSE
	EndGlobalSection
	GlobalSection(ExtensibilityGlobals) = postSolution
		SolutionGuid = {DF978941-FC56-4417-A979-0FBAA7173F0D}
	EndGlobalSection
EndGlobal
