
Microsoft Visual Studio Solution File, Format Version 12.00
# Visual Studio Version 16
VisualStudioVersion = 16.0.30804.86
MinimumVisualStudioVersion = 10.0.40219.1
Project("{8BC9CEB8-8B4A-11D0-8D11-00A0C91BC942}") = "lab_4", "lab_4.vcxproj", "{4EB214FF-701C-480B-B4C0-992C8CC3310D}"
EndProject
Project("{8BC9CEB8-8B4A-11D0-8D11-00A0C91BC942}") = "lab_4_tests", "..\lab_4_tests\lab_4_tests.vcxproj", "{B6872DD6-DD20-4228-93D3-4A56FBFE36D2}"
EndProject
Global
	GlobalSection(SolutionConfigurationPlatforms) = preSolution
		Debug|x64 = Debug|x64
		Debug|x86 = Debug|x86
		Release|x64 = Release|x64
		Release|x86 = Release|x86
	EndGlobalSection
	GlobalSection(ProjectConfigurationPlatforms) = postSolution
		{4EB214FF-701C-480B-B4C0-992C8CC3310D}.Debug|x64.ActiveCfg = Debug|x64
		{4EB214FF-701C-480B-B4C0-992C8CC3310D}.Debug|x64.Build.0 = Debug|x64
		{4EB214FF-701C-480B-B4C0-992C8CC3310D}.Debug|x86.ActiveCfg = Debug|Win32
		{4EB214FF-701C-480B-B4C0-992C8CC3310D}.Debug|x86.Build.0 = Debug|Win32
		{4EB214FF-701C-480B-B4C0-992C8CC3310D}.Release|x64.ActiveCfg = Release|x64
		{4EB214FF-701C-480B-B4C0-992C8CC3310D}.Release|x64.Build.0 = Release|x64
		{4EB214FF-701C-480B-B4C0-992C8CC3310D}.Release|x86.ActiveCfg = Release|Win32
		{4EB214FF-701C-480B-B4C0-992C8CC3310D}.Release|x86.Build.0 = Release|Win32
		{B6872DD6-DD20-4228-93D3-4A56FBFE36D2}.Debug|x64.ActiveCfg = Debug|x64
		{B6872DD6-DD20-4228-93D3-4A56FBFE36D2}.Debug|x64.Build.0 = Debug|x64
		{B6872DD6-DD20-4228-93D3-4A56FBFE36D2}.Debug|x86.ActiveCfg = Debug|Win32
		{B6872DD6-DD20-4228-93D3-4A56FBFE36D2}.Debug|x86.Build.0 = Debug|Win32
		{B6872DD6-DD20-4228-93D3-4A56FBFE36D2}.Release|x64.ActiveCfg = Release|x64
		{B6872DD6-DD20-4228-93D3-4A56FBFE36D2}.Release|x64.Build.0 = Release|x64
		{B6872DD6-DD20-4228-93D3-4A56FBFE36D2}.Release|x86.ActiveCfg = Release|Win32
		{B6872DD6-DD20-4228-93D3-4A56FBFE36D2}.Release|x86.Build.0 = Release|Win32
	EndGlobalSection
	GlobalSection(SolutionProperties) = preSolution
		HideSolutionNode = FALSE
	EndGlobalSection
	GlobalSection(ExtensibilityGlobals) = postSolution
		SolutionGuid = {888A5C6E-2728-49F2-844F-6C89CAA112BD}
	EndGlobalSection
EndGlobal
